
Microsoft Visual Studio Solution File, Format Version 12.00
# Visual Studio 2012
Project("{FAE04EC0-301F-11D3-BF4B-00C04F79EFBC}") = "NighterSSH", "NighterSSH\NighterSSH.csproj", "{15A7EC13-0722-4295-BFD6-DF3894F79908}"
EndProject
Project("{FAE04EC0-301F-11D3-BF4B-00C04F79EFBC}") = "Terminal Control", "Terminal Control\Terminal Control.csproj", "{60BE1158-C079-4603-8BC4-1658133E8EE5}"
EndProject
Global
	GlobalSection(SolutionConfigurationPlatforms) = preSolution
		Debug|Any CPU = Debug|Any CPU
		Release|Any CPU = Release|Any CPU
	EndGlobalSection
	GlobalSection(ProjectConfigurationPlatforms) = postSolution
		{15A7EC13-0722-4295-BFD6-DF3894F79908}.Debug|Any CPU.ActiveCfg = Debug|Any CPU
		{15A7EC13-0722-4295-BFD6-DF3894F79908}.Debug|Any CPU.Build.0 = Debug|Any CPU
		{15A7EC13-0722-4295-BFD6-DF3894F79908}.Release|Any CPU.ActiveCfg = Release|Any CPU
		{15A7EC13-0722-4295-BFD6-DF3894F79908}.Release|Any CPU.Build.0 = Release|Any CPU
		{60BE1158-C079-4603-8BC4-1658133E8EE5}.Debug|Any CPU.ActiveCfg = Debug|Any CPU
		{60BE1158-C079-4603-8BC4-1658133E8EE5}.Debug|Any CPU.Build.0 = Debug|Any CPU
		{60BE1158-C079-4603-8BC4-1658133E8EE5}.Release|Any CPU.ActiveCfg = Release|Any CPU
		{60BE1158-C079-4603-8BC4-1658133E8EE5}.Release|Any CPU.Build.0 = Release|Any CPU
	EndGlobalSection
	GlobalSection(SolutionProperties) = preSolution
		HideSolutionNode = FALSE
	EndGlobalSection
EndGlobal
